// !$*UTF8*$!
{
	archiveVersion = 1;
	classes = {
	};
	objectVersion = 45;
	objects = {

/* Begin PBXBuildFile section */
		1D3623260D0F684500981E51 /* UIWorkAppDelegate.m in Sources */ = {isa = PBXBuildFile; fileRef = 1D3623250D0F684500981E51 /* UIWorkAppDelegate.m */; };
		1D60589B0D05DD56006BFB54 /* main.m in Sources */ = {isa = PBXBuildFile; fileRef = 29B97316FDCFA39411CA2CEA /* main.m */; };
		1D60589F0D05DD5A006BFB54 /* Foundation.framework in Frameworks */ = {isa = PBXBuildFile; fileRef = 1D30AB110D05D00D00671497 /* Foundation.framework */; };
		1DF5F4E00D08C38300B7A737 /* UIKit.framework in Frameworks */ = {isa = PBXBuildFile; fileRef = 1DF5F4DF0D08C38300B7A737 /* UIKit.framework */; };
		288765A50DF7441C002DB57D /* CoreGraphics.framework in Frameworks */ = {isa = PBXBuildFile; fileRef = 288765A40DF7441C002DB57D /* CoreGraphics.framework */; };
		2899E5220DE3E06400AC0155 /* UIWorkViewController.xib in Resources */ = {isa = PBXBuildFile; fileRef = 2899E5210DE3E06400AC0155 /* UIWorkViewController.xib */; };
		28AD733F0D9D9553002E5188 /* MainWindow.xib in Resources */ = {isa = PBXBuildFile; fileRef = 28AD733E0D9D9553002E5188 /* MainWindow.xib */; };
		28D7ACF80DDB3853001CB0EB /* UIWorkViewController.m in Sources */ = {isa = PBXBuildFile; fileRef = 28D7ACF70DDB3853001CB0EB /* UIWorkViewController.m */; };
		BE3614FB12898826004238BF /* AnnotationView.m in Sources */ = {isa = PBXBuildFile; fileRef = BE3614FA12898826004238BF /* AnnotationView.m */; };
		BE39A91112863AE600808115 /* QuartzCore.framework in Frameworks */ = {isa = PBXBuildFile; fileRef = BE39A91012863AE600808115 /* QuartzCore.framework */; };
		BE3CE066128AD6F4004D3B01 /* CustomSliderTheme.m in Sources */ = {isa = PBXBuildFile; fileRef = BE3CE065128AD6F4004D3B01 /* CustomSliderTheme.m */; };
		BE60577E12900D77008922A8 /* GradientCoverView.m in Sources */ = {isa = PBXBuildFile; fileRef = BE60577D12900D77008922A8 /* GradientCoverView.m */; };
		BE60578112900E0C008922A8 /* SlideRuleControlView.m in Sources */ = {isa = PBXBuildFile; fileRef = BE60578012900E0C008922A8 /* SlideRuleControlView.m */; };
		BE60582F12901D31008922A8 /* IndicatorCoverView.m in Sources */ = {isa = PBXBuildFile; fileRef = BE60582E12901D31008922A8 /* IndicatorCoverView.m */; };
		BE6438C81288FF4F003412F6 /* CustomSliderView.m in Sources */ = {isa = PBXBuildFile; fileRef = BE6438C71288FF4F003412F6 /* CustomSliderView.m */; };
		BE6438D71288FFA0003412F6 /* GradientView.m in Sources */ = {isa = PBXBuildFile; fileRef = BE6438D61288FFA0003412F6 /* GradientView.m */; };
		BE6439141289056F003412F6 /* LineView.m in Sources */ = {isa = PBXBuildFile; fileRef = BE6439131289056F003412F6 /* LineView.m */; };
		BE7D7F021291DB9C004CEC9F /* SurveryQuestionViewController.m in Sources */ = {isa = PBXBuildFile; fileRef = BE7D7F001291DB9C004CEC9F /* SurveryQuestionViewController.m */; };
		BE7D7F031291DB9C004CEC9F /* SurveryQuestionViewController.xib in Resources */ = {isa = PBXBuildFile; fileRef = BE7D7F011291DB9C004CEC9F /* SurveryQuestionViewController.xib */; };
		BE8213AE1290C78300F5F7E3 /* CoverFlowQuestionView.m in Sources */ = {isa = PBXBuildFile; fileRef = BE8213AD1290C78300F5F7E3 /* CoverFlowQuestionView.m */; };
/* End PBXBuildFile section */

/* Begin PBXFileReference section */
		1D30AB110D05D00D00671497 /* Foundation.framework */ = {isa = PBXFileReference; lastKnownFileType = wrapper.framework; name = Foundation.framework; path = System/Library/Frameworks/Foundation.framework; sourceTree = SDKROOT; };
		1D3623240D0F684500981E51 /* UIWorkAppDelegate.h */ = {isa = PBXFileReference; fileEncoding = 4; lastKnownFileType = sourcecode.c.h; path = UIWorkAppDelegate.h; sourceTree = "<group>"; };
		1D3623250D0F684500981E51 /* UIWorkAppDelegate.m */ = {isa = PBXFileReference; fileEncoding = 4; lastKnownFileType = sourcecode.c.objc; path = UIWorkAppDelegate.m; sourceTree = "<group>"; };
		1D6058910D05DD3D006BFB54 /* UIWork.app */ = {isa = PBXFileReference; explicitFileType = wrapper.application; includeInIndex = 0; path = UIWork.app; sourceTree = BUILT_PRODUCTS_DIR; };
		1DF5F4DF0D08C38300B7A737 /* UIKit.framework */ = {isa = PBXFileReference; lastKnownFileType = wrapper.framework; name = UIKit.framework; path = System/Library/Frameworks/UIKit.framework; sourceTree = SDKROOT; };
		288765A40DF7441C002DB57D /* CoreGraphics.framework */ = {isa = PBXFileReference; lastKnownFileType = wrapper.framework; name = CoreGraphics.framework; path = System/Library/Frameworks/CoreGraphics.framework; sourceTree = SDKROOT; };
		2899E5210DE3E06400AC0155 /* UIWorkViewController.xib */ = {isa = PBXFileReference; lastKnownFileType = file.xib; path = UIWorkViewController.xib; sourceTree = "<group>"; };
		28AD733E0D9D9553002E5188 /* MainWindow.xib */ = {isa = PBXFileReference; lastKnownFileType = file.xib; path = MainWindow.xib; sourceTree = "<group>"; };
		28D7ACF60DDB3853001CB0EB /* UIWorkViewController.h */ = {isa = PBXFileReference; fileEncoding = 4; lastKnownFileType = sourcecode.c.h; path = UIWorkViewController.h; sourceTree = "<group>"; };
		28D7ACF70DDB3853001CB0EB /* UIWorkViewController.m */ = {isa = PBXFileReference; fileEncoding = 4; lastKnownFileType = sourcecode.c.objc; path = UIWorkViewController.m; sourceTree = "<group>"; };
		29B97316FDCFA39411CA2CEA /* main.m */ = {isa = PBXFileReference; fileEncoding = 4; lastKnownFileType = sourcecode.c.objc; path = main.m; sourceTree = "<group>"; };
		32CA4F630368D1EE00C91783 /* UIWork_Prefix.pch */ = {isa = PBXFileReference; fileEncoding = 4; lastKnownFileType = sourcecode.c.h; path = UIWork_Prefix.pch; sourceTree = "<group>"; };
		8D1107310486CEB800E47090 /* UIWork-Info.plist */ = {isa = PBXFileReference; fileEncoding = 4; lastKnownFileType = text.plist.xml; path = "UIWork-Info.plist"; plistStructureDefinitionIdentifier = "com.apple.xcode.plist.structure-definition.iphone.info-plist"; sourceTree = "<group>"; };
		BE3614F912898826004238BF /* AnnotationView.h */ = {isa = PBXFileReference; fileEncoding = 4; lastKnownFileType = sourcecode.c.h; path = AnnotationView.h; sourceTree = "<group>"; };
		BE3614FA12898826004238BF /* AnnotationView.m */ = {isa = PBXFileReference; fileEncoding = 4; lastKnownFileType = sourcecode.c.objc; path = AnnotationView.m; sourceTree = "<group>"; };
		BE39A91012863AE600808115 /* QuartzCore.framework */ = {isa = PBXFileReference; lastKnownFileType = wrapper.framework; name = QuartzCore.framework; path = System/Library/Frameworks/QuartzCore.framework; sourceTree = SDKROOT; };
		BE3CE064128AD6F4004D3B01 /* CustomSliderTheme.h */ = {isa = PBXFileReference; fileEncoding = 4; lastKnownFileType = sourcecode.c.h; path = CustomSliderTheme.h; sourceTree = "<group>"; };
		BE3CE065128AD6F4004D3B01 /* CustomSliderTheme.m */ = {isa = PBXFileReference; fileEncoding = 4; lastKnownFileType = sourcecode.c.objc; path = CustomSliderTheme.m; sourceTree = "<group>"; };
		BE60577C12900D77008922A8 /* GradientCoverView.h */ = {isa = PBXFileReference; fileEncoding = 4; lastKnownFileType = sourcecode.c.h; path = GradientCoverView.h; sourceTree = "<group>"; };
		BE60577D12900D77008922A8 /* GradientCoverView.m */ = {isa = PBXFileReference; fileEncoding = 4; lastKnownFileType = sourcecode.c.objc; path = GradientCoverView.m; sourceTree = "<group>"; };
		BE60577F12900E0C008922A8 /* SlideRuleControlView.h */ = {isa = PBXFileReference; fileEncoding = 4; lastKnownFileType = sourcecode.c.h; path = SlideRuleControlView.h; sourceTree = "<group>"; };
		BE60578012900E0C008922A8 /* SlideRuleControlView.m */ = {isa = PBXFileReference; fileEncoding = 4; lastKnownFileType = sourcecode.c.objc; path = SlideRuleControlView.m; sourceTree = "<group>"; };
		BE60582D12901D31008922A8 /* IndicatorCoverView.h */ = {isa = PBXFileReference; fileEncoding = 4; lastKnownFileType = sourcecode.c.h; path = IndicatorCoverView.h; sourceTree = "<group>"; };
		BE60582E12901D31008922A8 /* IndicatorCoverView.m */ = {isa = PBXFileReference; fileEncoding = 4; lastKnownFileType = sourcecode.c.objc; path = IndicatorCoverView.m; sourceTree = "<group>"; };
		BE6438C61288FF4F003412F6 /* CustomSliderView.h */ = {isa = PBXFileReference; fileEncoding = 4; lastKnownFileType = sourcecode.c.h; path = CustomSliderView.h; sourceTree = "<group>"; };
		BE6438C71288FF4F003412F6 /* CustomSliderView.m */ = {isa = PBXFileReference; fileEncoding = 4; lastKnownFileType = sourcecode.c.objc; path = CustomSliderView.m; sourceTree = "<group>"; };
		BE6438D51288FFA0003412F6 /* GradientView.h */ = {isa = PBXFileReference; fileEncoding = 4; lastKnownFileType = sourcecode.c.h; path = GradientView.h; sourceTree = "<group>"; };
		BE6438D61288FFA0003412F6 /* GradientView.m */ = {isa = PBXFileReference; fileEncoding = 4; lastKnownFileType = sourcecode.c.objc; path = GradientView.m; sourceTree = "<group>"; };
		BE6439121289056F003412F6 /* LineView.h */ = {isa = PBXFileReference; fileEncoding = 4; lastKnownFileType = sourcecode.c.h; path = LineView.h; sourceTree = "<group>"; };
		BE6439131289056F003412F6 /* LineView.m */ = {isa = PBXFileReference; fileEncoding = 4; lastKnownFileType = sourcecode.c.objc; path = LineView.m; sourceTree = "<group>"; };
		BE7D7EFF1291DB9C004CEC9F /* SurveryQuestionViewController.h */ = {isa = PBXFileReference; fileEncoding = 4; lastKnownFileType = sourcecode.c.h; path = SurveryQuestionViewController.h; sourceTree = "<group>"; };
		BE7D7F001291DB9C004CEC9F /* SurveryQuestionViewController.m */ = {isa = PBXFileReference; fileEncoding = 4; lastKnownFileType = sourcecode.c.objc; path = SurveryQuestionViewController.m; sourceTree = "<group>"; };
		BE7D7F011291DB9C004CEC9F /* SurveryQuestionViewController.xib */ = {isa = PBXFileReference; lastKnownFileType = file.xib; path = SurveryQuestionViewController.xib; sourceTree = "<group>"; };
		BE8213AC1290C78300F5F7E3 /* CoverFlowQuestionView.h */ = {isa = PBXFileReference; fileEncoding = 4; lastKnownFileType = sourcecode.c.h; path = CoverFlowQuestionView.h; sourceTree = "<group>"; };
		BE8213AD1290C78300F5F7E3 /* CoverFlowQuestionView.m */ = {isa = PBXFileReference; fileEncoding = 4; lastKnownFileType = sourcecode.c.objc; path = CoverFlowQuestionView.m; sourceTree = "<group>"; };
		BEEF121112962B7C0009FDCF /* SlideRuleParams.h */ = {isa = PBXFileReference; fileEncoding = 4; lastKnownFileType = sourcecode.c.h; path = SlideRuleParams.h; sourceTree = "<group>"; };
/* End PBXFileReference section */

/* Begin PBXFrameworksBuildPhase section */
		1D60588F0D05DD3D006BFB54 /* Frameworks */ = {
			isa = PBXFrameworksBuildPhase;
			buildActionMask = 2147483647;
			files = (
				1D60589F0D05DD5A006BFB54 /* Foundation.framework in Frameworks */,
				1DF5F4E00D08C38300B7A737 /* UIKit.framework in Frameworks */,
				288765A50DF7441C002DB57D /* CoreGraphics.framework in Frameworks */,
				BE39A91112863AE600808115 /* QuartzCore.framework in Frameworks */,
			);
			runOnlyForDeploymentPostprocessing = 0;
		};
/* End PBXFrameworksBuildPhase section */

/* Begin PBXGroup section */
		080E96DDFE201D6D7F000001 /* Classes */ = {
			isa = PBXGroup;
			children = (
				BE6438D51288FFA0003412F6 /* GradientView.h */,
				BE6438D61288FFA0003412F6 /* GradientView.m */,
				1D3623240D0F684500981E51 /* UIWorkAppDelegate.h */,
				1D3623250D0F684500981E51 /* UIWorkAppDelegate.m */,
				28D7ACF60DDB3853001CB0EB /* UIWorkViewController.h */,
				28D7ACF70DDB3853001CB0EB /* UIWorkViewController.m */,
				BE8213AA1290C50E00F5F7E3 /* CoverFlowQuestion */,
				BE8213A81290C4F000F5F7E3 /* SlideRuleControl */,
				BE7D7EFF1291DB9C004CEC9F /* SurveryQuestionViewController.h */,
				BE7D7F001291DB9C004CEC9F /* SurveryQuestionViewController.m */,
				BE7D7F011291DB9C004CEC9F /* SurveryQuestionViewController.xib */,
			);
			path = Classes;
			sourceTree = "<group>";
		};
		19C28FACFE9D520D11CA2CBB /* Products */ = {
			isa = PBXGroup;
			children = (
				1D6058910D05DD3D006BFB54 /* UIWork.app */,
			);
			name = Products;
			sourceTree = "<group>";
		};
		29B97314FDCFA39411CA2CEA /* CustomTemplate */ = {
			isa = PBXGroup;
			children = (
				080E96DDFE201D6D7F000001 /* Classes */,
				29B97315FDCFA39411CA2CEA /* Other Sources */,
				29B97317FDCFA39411CA2CEA /* Resources */,
				29B97323FDCFA39411CA2CEA /* Frameworks */,
				19C28FACFE9D520D11CA2CBB /* Products */,
			);
			name = CustomTemplate;
			sourceTree = "<group>";
		};
		29B97315FDCFA39411CA2CEA /* Other Sources */ = {
			isa = PBXGroup;
			children = (
				32CA4F630368D1EE00C91783 /* UIWork_Prefix.pch */,
				29B97316FDCFA39411CA2CEA /* main.m */,
			);
			name = "Other Sources";
			sourceTree = "<group>";
		};
		29B97317FDCFA39411CA2CEA /* Resources */ = {
			isa = PBXGroup;
			children = (
				2899E5210DE3E06400AC0155 /* UIWorkViewController.xib */,
				28AD733E0D9D9553002E5188 /* MainWindow.xib */,
				8D1107310486CEB800E47090 /* UIWork-Info.plist */,
			);
			name = Resources;
			sourceTree = "<group>";
		};
		29B97323FDCFA39411CA2CEA /* Frameworks */ = {
			isa = PBXGroup;
			children = (
				1DF5F4DF0D08C38300B7A737 /* UIKit.framework */,
				1D30AB110D05D00D00671497 /* Foundation.framework */,
				288765A40DF7441C002DB57D /* CoreGraphics.framework */,
				BE39A91012863AE600808115 /* QuartzCore.framework */,
			);
			name = Frameworks;
			sourceTree = "<group>";
		};
		BE8213A81290C4F000F5F7E3 /* SlideRuleControl */ = {
			isa = PBXGroup;
			children = (
				BE3614F912898826004238BF /* AnnotationView.h */,
				BE3614FA12898826004238BF /* AnnotationView.m */,
				BE60577C12900D77008922A8 /* GradientCoverView.h */,
				BE60577D12900D77008922A8 /* GradientCoverView.m */,
				BE60577F12900E0C008922A8 /* SlideRuleControlView.h */,
				BE60578012900E0C008922A8 /* SlideRuleControlView.m */,
				BE60582D12901D31008922A8 /* IndicatorCoverView.h */,
				BE60582E12901D31008922A8 /* IndicatorCoverView.m */,
				BE6438C61288FF4F003412F6 /* CustomSliderView.h */,
				BE6438C71288FF4F003412F6 /* CustomSliderView.m */,
				BE3CE064128AD6F4004D3B01 /* CustomSliderTheme.h */,
				BE3CE065128AD6F4004D3B01 /* CustomSliderTheme.m */,
				BE6439121289056F003412F6 /* LineView.h */,
				BE6439131289056F003412F6 /* LineView.m */,
				BEEF121112962B7C0009FDCF /* SlideRuleParams.h */,
			);
			name = SlideRuleControl;
			sourceTree = "<group>";
		};
		BE8213AA1290C50E00F5F7E3 /* CoverFlowQuestion */ = {
			isa = PBXGroup;
			children = (
				BE8213AC1290C78300F5F7E3 /* CoverFlowQuestionView.h */,
				BE8213AD1290C78300F5F7E3 /* CoverFlowQuestionView.m */,
			);
			name = CoverFlowQuestion;
			sourceTree = "<group>";
		};
/* End PBXGroup section */

/* Begin PBXNativeTarget section */
		1D6058900D05DD3D006BFB54 /* UIWork */ = {
			isa = PBXNativeTarget;
			buildConfigurationList = 1D6058960D05DD3E006BFB54 /* Build configuration list for PBXNativeTarget "UIWork" */;
			buildPhases = (
				1D60588D0D05DD3D006BFB54 /* Resources */,
				1D60588E0D05DD3D006BFB54 /* Sources */,
				1D60588F0D05DD3D006BFB54 /* Frameworks */,
			);
			buildRules = (
			);
			dependencies = (
			);
			name = UIWork;
			productName = UIWork;
			productReference = 1D6058910D05DD3D006BFB54 /* UIWork.app */;
			productType = "com.apple.product-type.application";
		};
/* End PBXNativeTarget section */

/* Begin PBXProject section */
		29B97313FDCFA39411CA2CEA /* Project object */ = {
			isa = PBXProject;
			buildConfigurationList = C01FCF4E08A954540054247B /* Build configuration list for PBXProject "UIWork" */;
			compatibilityVersion = "Xcode 3.1";
			developmentRegion = English;
			hasScannedForEncodings = 1;
			knownRegions = (
				English,
				Japanese,
				French,
				German,
			);
			mainGroup = 29B97314FDCFA39411CA2CEA /* CustomTemplate */;
			projectDirPath = "";
			projectRoot = "";
			targets = (
				1D6058900D05DD3D006BFB54 /* UIWork */,
			);
		};
/* End PBXProject section */

/* Begin PBXResourcesBuildPhase section */
		1D60588D0D05DD3D006BFB54 /* Resources */ = {
			isa = PBXResourcesBuildPhase;
			buildActionMask = 2147483647;
			files = (
				28AD733F0D9D9553002E5188 /* MainWindow.xib in Resources */,
				2899E5220DE3E06400AC0155 /* UIWorkViewController.xib in Resources */,
				BE7D7F031291DB9C004CEC9F /* SurveryQuestionViewController.xib in Resources */,
			);
			runOnlyForDeploymentPostprocessing = 0;
		};
/* End PBXResourcesBuildPhase section */

/* Begin PBXSourcesBuildPhase section */
		1D60588E0D05DD3D006BFB54 /* Sources */ = {
			isa = PBXSourcesBuildPhase;
			buildActionMask = 2147483647;
			files = (
				1D60589B0D05DD56006BFB54 /* main.m in Sources */,
				1D3623260D0F684500981E51 /* UIWorkAppDelegate.m in Sources */,
				28D7ACF80DDB3853001CB0EB /* UIWorkViewController.m in Sources */,
				BE6438C81288FF4F003412F6 /* CustomSliderView.m in Sources */,
				BE6438D71288FFA0003412F6 /* GradientView.m in Sources */,
				BE6439141289056F003412F6 /* LineView.m in Sources */,
				BE3614FB12898826004238BF /* AnnotationView.m in Sources */,
				BE3CE066128AD6F4004D3B01 /* CustomSliderTheme.m in Sources */,
				BE60577E12900D77008922A8 /* GradientCoverView.m in Sources */,
				BE60578112900E0C008922A8 /* SlideRuleControlView.m in Sources */,
				BE60582F12901D31008922A8 /* IndicatorCoverView.m in Sources */,
				BE8213AE1290C78300F5F7E3 /* CoverFlowQuestionView.m in Sources */,
				BE7D7F021291DB9C004CEC9F /* SurveryQuestionViewController.m in Sources */,
			);
			runOnlyForDeploymentPostprocessing = 0;
		};
/* End PBXSourcesBuildPhase section */

/* Begin XCBuildConfiguration section */
		1D6058940D05DD3E006BFB54 /* Debug */ = {
			isa = XCBuildConfiguration;
			buildSettings = {
				ALWAYS_SEARCH_USER_PATHS = NO;
				COPY_PHASE_STRIP = NO;
				GCC_DYNAMIC_NO_PIC = NO;
				GCC_OPTIMIZATION_LEVEL = 0;
				GCC_PRECOMPILE_PREFIX_HEADER = YES;
				GCC_PREFIX_HEADER = UIWork_Prefix.pch;
				INFOPLIST_FILE = "UIWork-Info.plist";
				PRODUCT_NAME = UIWork;
				SDKROOT = iphoneos4.1;
			};
			name = Debug;
		};
		1D6058950D05DD3E006BFB54 /* Release */ = {
			isa = XCBuildConfiguration;
			buildSettings = {
				ALWAYS_SEARCH_USER_PATHS = NO;
				COPY_PHASE_STRIP = YES;
				GCC_PRECOMPILE_PREFIX_HEADER = YES;
				GCC_PREFIX_HEADER = UIWork_Prefix.pch;
				INFOPLIST_FILE = "UIWork-Info.plist";
				PRODUCT_NAME = UIWork;
				VALIDATE_PRODUCT = YES;
			};
			name = Release;
		};
		C01FCF4F08A954540054247B /* Debug */ = {
			isa = XCBuildConfiguration;
			buildSettings = {
				ARCHS = "$(ARCHS_STANDARD_32_BIT)";
				"CODE_SIGN_IDENTITY[sdk=iphoneos*]" = "iPhone Developer";
				GCC_C_LANGUAGE_STANDARD = c99;
				GCC_WARN_ABOUT_RETURN_TYPE = YES;
				GCC_WARN_UNUSED_VARIABLE = YES;
				PREBINDING = NO;
				SDKROOT = iphoneos4.0;
			};
			name = Debug;
		};
		C01FCF5008A954540054247B /* Release */ = {
			isa = XCBuildConfiguration;
			buildSettings = {
				ARCHS = "$(ARCHS_STANDARD_32_BIT)";
				"CODE_SIGN_IDENTITY[sdk=iphoneos*]" = "iPhone Developer";
				GCC_C_LANGUAGE_STANDARD = c99;
				GCC_WARN_ABOUT_RETURN_TYPE = YES;
				GCC_WARN_UNUSED_VARIABLE = YES;
				OTHER_CFLAGS = "-DNS_BLOCK_ASSERTIONS=1";
				PREBINDING = NO;
				SDKROOT = iphoneos4.0;
			};
			name = Release;
		};
/* End XCBuildConfiguration section */

/* Begin XCConfigurationList section */
		1D6058960D05DD3E006BFB54 /* Build configuration list for PBXNativeTarget "UIWork" */ = {
			isa = XCConfigurationList;
			buildConfigurations = (
				1D6058940D05DD3E006BFB54 /* Debug */,
				1D6058950D05DD3E006BFB54 /* Release */,
			);
			defaultConfigurationIsVisible = 0;
			defaultConfigurationName = Release;
		};
		C01FCF4E08A954540054247B /* Build configuration list for PBXProject "UIWork" */ = {
			isa = XCConfigurationList;
			buildConfigurations = (
				C01FCF4F08A954540054247B /* Debug */,
				C01FCF5008A954540054247B /* Release */,
			);
			defaultConfigurationIsVisible = 0;
			defaultConfigurationName = Release;
		};
/* End XCConfigurationList section */
	};
	rootObject = 29B97313FDCFA39411CA2CEA /* Project object */;
}
